
Microsoft Visual Studio Solution File, Format Version 12.00
# Visual Studio Version 17
VisualStudioVersion = 17.1.32328.378
MinimumVisualStudioVersion = 10.0.40219.1
Project("{2150E333-8FDC-42A3-9474-1A3956D46DE8}") = "Qwixx", "Qwixx", "{5FBFB612-C5AA-46F8-BCDE-72B54212854D}"
EndProject
Project("{2150E333-8FDC-42A3-9474-1A3956D46DE8}") = "UI", "UI", "{FCB9FF49-D662-4A8B-B4CC-CAC7B23B9388}"
EndProject
Project("{2150E333-8FDC-42A3-9474-1A3956D46DE8}") = "Core", "Core", "{1D14D2D6-A682-4515-8EB0-58B8728627E5}"
EndProject
Project("{2150E333-8FDC-42A3-9474-1A3956D46DE8}") = "Perudo", "Perudo", "{B3E66140-8178-428D-B440-E059E46DAC45}"
EndProject
Project("{2150E333-8FDC-42A3-9474-1A3956D46DE8}") = "Mahjong", "Mahjong", "{CF7D1CDF-78E6-420D-9A20-A65D3A7734A1}"
EndProject
Project("{2150E333-8FDC-42A3-9474-1A3956D46DE8}") = "UI", "UI", "{CAC98E67-EC64-4F5A-A2D7-35CBF731D4C1}"
EndProject
Project("{2150E333-8FDC-42A3-9474-1A3956D46DE8}") = "Core", "Core", "{2931F618-4076-4DF9-A923-3BFAC0D55C2F}"
EndProject
Project("{9A19103F-16F7-4668-BE54-9A1E7A4F7556}") = "Catharsium.BoardGames.Mahjong.Core", "Mahjong\Catharsium.BoardGames.Mahjong.Core\Catharsium.BoardGames.Mahjong.Core.csproj", "{2F0D3B0A-9357-4896-9A5D-88AF227153D3}"
EndProject
Project("{9A19103F-16F7-4668-BE54-9A1E7A4F7556}") = "Catharsium.BoardGames.Mahjong.Core.Tests", "Mahjong\Catharsium.BoardGames.Mahjong.Core.Tests\Catharsium.BoardGames.Mahjong.Core.Tests.csproj", "{D9BFEC75-7DB2-4D2C-8E63-8ECA9543FA71}"
EndProject
Project("{9A19103F-16F7-4668-BE54-9A1E7A4F7556}") = "Catharsium.BoardGames.Mahjong.Interface", "Mahjong\Catharsium.BoardGames.Mahjong.Interfaces\Catharsium.BoardGames.Mahjong.Interface.csproj", "{38CE0951-5363-4EAF-B776-E768370313C9}"
EndProject
Project("{9A19103F-16F7-4668-BE54-9A1E7A4F7556}") = "Catharsium.BoardGames.Mahjong.Interface.Tests", "Mahjong\Catharsium.BoardGames.Mahjong.Interfaces.Tests\Catharsium.BoardGames.Mahjong.Interface.Tests.csproj", "{D36DD6C0-BCF6-4EB0-A88D-BA9FE49F5585}"
EndProject
Project("{9A19103F-16F7-4668-BE54-9A1E7A4F7556}") = "Catharsium.BoardGames.Mahjong.UI.Basic", "Mahjong\Catharsium.BoardGames.Mahjong.UI.Basic\Catharsium.BoardGames.Mahjong.UI.Basic.csproj", "{2669D27F-FDFD-4925-8E68-77E03C5727E8}"
EndProject
Project("{9A19103F-16F7-4668-BE54-9A1E7A4F7556}") = "Catharsium.BoardGames.Mahjong.UI.Basic.Tests", "Mahjong\Catharsium.BoardGames.Mahjong.UI.Basic.Tests\Catharsium.BoardGames.Mahjong.UI.Basic.Tests.csproj", "{28689E0A-94C9-4BFA-A032-30C7AA199E17}"
EndProject
Project("{9A19103F-16F7-4668-BE54-9A1E7A4F7556}") = "Catharsium.BoardGames.Qwixx.Core", "Qwixx\Catharsium.BoardGames.Qwixx.Core\Catharsium.BoardGames.Qwixx.Core.csproj", "{E7E2EA0E-FB60-4365-8964-E934F85898A1}"
EndProject
Project("{9A19103F-16F7-4668-BE54-9A1E7A4F7556}") = "Catharsium.BoardGames.Qwixx.Core.Tests", "Qwixx\Catharsium.BoardGames.Qwixx.Core.Tests\Catharsium.BoardGames.Qwixx.Core.Tests.csproj", "{A4C1D0D5-DF3B-486F-B739-405C23DFB977}"
EndProject
Project("{9A19103F-16F7-4668-BE54-9A1E7A4F7556}") = "Catharsium.BoardGames.Qwixx.UI.Basic", "Qwixx\Catharsium.BoardGames.Qwixx.UI.Basic\Catharsium.BoardGames.Qwixx.UI.Basic.csproj", "{F2532A3D-1771-4BF0-A0CD-F1E4733091BD}"
EndProject
Project("{9A19103F-16F7-4668-BE54-9A1E7A4F7556}") = "Catharsium.BoardGames.Qwixx.UI.Basic.Tests", "Qwixx\Catharsium.BoardGames.Qwixx.UI.Basic.Tests\Catharsium.BoardGames.Qwixx.UI.Basic.Tests.csproj", "{6562B983-4CEE-44A4-ACE4-A8573261BFB5}"
EndProject
Project("{2150E333-8FDC-42A3-9474-1A3956D46DE8}") = "Core", "Core", "{FBFCF69C-0F8D-4D1D-99EB-2FF35C8C76D0}"
EndProject
Project("{9A19103F-16F7-4668-BE54-9A1E7A4F7556}") = "Catharsium.BoardGames.Core", "Catharsium.BoardGames.Core\Catharsium.BoardGames.Core.csproj", "{6718330D-EEFA-4FF8-AFB4-47045DF9F41E}"
EndProject
Project("{9A19103F-16F7-4668-BE54-9A1E7A4F7556}") = "Catharsium.BoardGames.Core.Tests", "Catharsium.BoardGames.Core.Tests\Catharsium.BoardGames.Core.Tests.csproj", "{C9A3F24E-169A-4CDF-88CB-C7B7C4C005AA}"
EndProject
Project("{9A19103F-16F7-4668-BE54-9A1E7A4F7556}") = "Catharsium.BoardGames.Interfaces", "Catharsium.BoardGames.Interfaces\Catharsium.BoardGames.Interfaces.csproj", "{136EEC94-E47E-4FF3-ABDD-16317A4ABA16}"
EndProject
Project("{9A19103F-16F7-4668-BE54-9A1E7A4F7556}") = "Catharsium.BoardGames.Interfaces.Tests", "Catharsium.BoardGames.Interfaces.Tests\Catharsium.BoardGames.Interfaces.Tests.csproj", "{65137426-F149-423C-B363-03C70190BE20}"
EndProject
Global
	GlobalSection(SolutionConfigurationPlatforms) = preSolution
		Debug|Any CPU = Debug|Any CPU
		Release|Any CPU = Release|Any CPU
	EndGlobalSection
	GlobalSection(ProjectConfigurationPlatforms) = postSolution
		{2F0D3B0A-9357-4896-9A5D-88AF227153D3}.Debug|Any CPU.ActiveCfg = Debug|Any CPU
		{2F0D3B0A-9357-4896-9A5D-88AF227153D3}.Debug|Any CPU.Build.0 = Debug|Any CPU
		{2F0D3B0A-9357-4896-9A5D-88AF227153D3}.Release|Any CPU.ActiveCfg = Release|Any CPU
		{2F0D3B0A-9357-4896-9A5D-88AF227153D3}.Release|Any CPU.Build.0 = Release|Any CPU
		{D9BFEC75-7DB2-4D2C-8E63-8ECA9543FA71}.Debug|Any CPU.ActiveCfg = Debug|Any CPU
		{D9BFEC75-7DB2-4D2C-8E63-8ECA9543FA71}.Debug|Any CPU.Build.0 = Debug|Any CPU
		{D9BFEC75-7DB2-4D2C-8E63-8ECA9543FA71}.Release|Any CPU.ActiveCfg = Release|Any CPU
		{D9BFEC75-7DB2-4D2C-8E63-8ECA9543FA71}.Release|Any CPU.Build.0 = Release|Any CPU
		{38CE0951-5363-4EAF-B776-E768370313C9}.Debug|Any CPU.ActiveCfg = Debug|Any CPU
		{38CE0951-5363-4EAF-B776-E768370313C9}.Debug|Any CPU.Build.0 = Debug|Any CPU
		{38CE0951-5363-4EAF-B776-E768370313C9}.Release|Any CPU.ActiveCfg = Release|Any CPU
		{38CE0951-5363-4EAF-B776-E768370313C9}.Release|Any CPU.Build.0 = Release|Any CPU
		{D36DD6C0-BCF6-4EB0-A88D-BA9FE49F5585}.Debug|Any CPU.ActiveCfg = Debug|Any CPU
		{D36DD6C0-BCF6-4EB0-A88D-BA9FE49F5585}.Debug|Any CPU.Build.0 = Debug|Any CPU
		{D36DD6C0-BCF6-4EB0-A88D-BA9FE49F5585}.Release|Any CPU.ActiveCfg = Release|Any CPU
		{D36DD6C0-BCF6-4EB0-A88D-BA9FE49F5585}.Release|Any CPU.Build.0 = Release|Any CPU
		{2669D27F-FDFD-4925-8E68-77E03C5727E8}.Debug|Any CPU.ActiveCfg = Debug|Any CPU
		{2669D27F-FDFD-4925-8E68-77E03C5727E8}.Debug|Any CPU.Build.0 = Debug|Any CPU
		{2669D27F-FDFD-4925-8E68-77E03C5727E8}.Release|Any CPU.ActiveCfg = Release|Any CPU
		{2669D27F-FDFD-4925-8E68-77E03C5727E8}.Release|Any CPU.Build.0 = Release|Any CPU
		{28689E0A-94C9-4BFA-A032-30C7AA199E17}.Debug|Any CPU.ActiveCfg = Debug|Any CPU
		{28689E0A-94C9-4BFA-A032-30C7AA199E17}.Debug|Any CPU.Build.0 = Debug|Any CPU
		{28689E0A-94C9-4BFA-A032-30C7AA199E17}.Release|Any CPU.ActiveCfg = Release|Any CPU
		{28689E0A-94C9-4BFA-A032-30C7AA199E17}.Release|Any CPU.Build.0 = Release|Any CPU
		{E7E2EA0E-FB60-4365-8964-E934F85898A1}.Debug|Any CPU.ActiveCfg = Debug|Any CPU
		{E7E2EA0E-FB60-4365-8964-E934F85898A1}.Debug|Any CPU.Build.0 = Debug|Any CPU
		{E7E2EA0E-FB60-4365-8964-E934F85898A1}.Release|Any CPU.ActiveCfg = Release|Any CPU
		{E7E2EA0E-FB60-4365-8964-E934F85898A1}.Release|Any CPU.Build.0 = Release|Any CPU
		{A4C1D0D5-DF3B-486F-B739-405C23DFB977}.Debug|Any CPU.ActiveCfg = Debug|Any CPU
		{A4C1D0D5-DF3B-486F-B739-405C23DFB977}.Debug|Any CPU.Build.0 = Debug|Any CPU
		{A4C1D0D5-DF3B-486F-B739-405C23DFB977}.Release|Any CPU.ActiveCfg = Release|Any CPU
		{A4C1D0D5-DF3B-486F-B739-405C23DFB977}.Release|Any CPU.Build.0 = Release|Any CPU
		{F2532A3D-1771-4BF0-A0CD-F1E4733091BD}.Debug|Any CPU.ActiveCfg = Debug|Any CPU
		{F2532A3D-1771-4BF0-A0CD-F1E4733091BD}.Debug|Any CPU.Build.0 = Debug|Any CPU
		{F2532A3D-1771-4BF0-A0CD-F1E4733091BD}.Release|Any CPU.ActiveCfg = Release|Any CPU
		{F2532A3D-1771-4BF0-A0CD-F1E4733091BD}.Release|Any CPU.Build.0 = Release|Any CPU
		{6562B983-4CEE-44A4-ACE4-A8573261BFB5}.Debug|Any CPU.ActiveCfg = Debug|Any CPU
		{6562B983-4CEE-44A4-ACE4-A8573261BFB5}.Debug|Any CPU.Build.0 = Debug|Any CPU
		{6562B983-4CEE-44A4-ACE4-A8573261BFB5}.Release|Any CPU.ActiveCfg = Release|Any CPU
		{6562B983-4CEE-44A4-ACE4-A8573261BFB5}.Release|Any CPU.Build.0 = Release|Any CPU
		{6718330D-EEFA-4FF8-AFB4-47045DF9F41E}.Debug|Any CPU.ActiveCfg = Debug|Any CPU
		{6718330D-EEFA-4FF8-AFB4-47045DF9F41E}.Debug|Any CPU.Build.0 = Debug|Any CPU
		{6718330D-EEFA-4FF8-AFB4-47045DF9F41E}.Release|Any CPU.ActiveCfg = Release|Any CPU
		{6718330D-EEFA-4FF8-AFB4-47045DF9F41E}.Release|Any CPU.Build.0 = Release|Any CPU
		{C9A3F24E-169A-4CDF-88CB-C7B7C4C005AA}.Debug|Any CPU.ActiveCfg = Debug|Any CPU
		{C9A3F24E-169A-4CDF-88CB-C7B7C4C005AA}.Debug|Any CPU.Build.0 = Debug|Any CPU
		{C9A3F24E-169A-4CDF-88CB-C7B7C4C005AA}.Release|Any CPU.ActiveCfg = Release|Any CPU
		{C9A3F24E-169A-4CDF-88CB-C7B7C4C005AA}.Release|Any CPU.Build.0 = Release|Any CPU
		{136EEC94-E47E-4FF3-ABDD-16317A4ABA16}.Debug|Any CPU.ActiveCfg = Debug|Any CPU
		{136EEC94-E47E-4FF3-ABDD-16317A4ABA16}.Debug|Any CPU.Build.0 = Debug|Any CPU
		{136EEC94-E47E-4FF3-ABDD-16317A4ABA16}.Release|Any CPU.ActiveCfg = Release|Any CPU
		{136EEC94-E47E-4FF3-ABDD-16317A4ABA16}.Release|Any CPU.Build.0 = Release|Any CPU
		{65137426-F149-423C-B363-03C70190BE20}.Debug|Any CPU.ActiveCfg = Debug|Any CPU
		{65137426-F149-423C-B363-03C70190BE20}.Debug|Any CPU.Build.0 = Debug|Any CPU
		{65137426-F149-423C-B363-03C70190BE20}.Release|Any CPU.ActiveCfg = Release|Any CPU
		{65137426-F149-423C-B363-03C70190BE20}.Release|Any CPU.Build.0 = Release|Any CPU
	EndGlobalSection
	GlobalSection(SolutionProperties) = preSolution
		HideSolutionNode = FALSE
	EndGlobalSection
	GlobalSection(NestedProjects) = preSolution
		{FCB9FF49-D662-4A8B-B4CC-CAC7B23B9388} = {5FBFB612-C5AA-46F8-BCDE-72B54212854D}
		{1D14D2D6-A682-4515-8EB0-58B8728627E5} = {5FBFB612-C5AA-46F8-BCDE-72B54212854D}
		{CAC98E67-EC64-4F5A-A2D7-35CBF731D4C1} = {CF7D1CDF-78E6-420D-9A20-A65D3A7734A1}
		{2931F618-4076-4DF9-A923-3BFAC0D55C2F} = {CF7D1CDF-78E6-420D-9A20-A65D3A7734A1}
		{2F0D3B0A-9357-4896-9A5D-88AF227153D3} = {2931F618-4076-4DF9-A923-3BFAC0D55C2F}
		{D9BFEC75-7DB2-4D2C-8E63-8ECA9543FA71} = {2931F618-4076-4DF9-A923-3BFAC0D55C2F}
		{38CE0951-5363-4EAF-B776-E768370313C9} = {2931F618-4076-4DF9-A923-3BFAC0D55C2F}
		{D36DD6C0-BCF6-4EB0-A88D-BA9FE49F5585} = {2931F618-4076-4DF9-A923-3BFAC0D55C2F}
		{2669D27F-FDFD-4925-8E68-77E03C5727E8} = {CAC98E67-EC64-4F5A-A2D7-35CBF731D4C1}
		{28689E0A-94C9-4BFA-A032-30C7AA199E17} = {CAC98E67-EC64-4F5A-A2D7-35CBF731D4C1}
		{E7E2EA0E-FB60-4365-8964-E934F85898A1} = {1D14D2D6-A682-4515-8EB0-58B8728627E5}
		{A4C1D0D5-DF3B-486F-B739-405C23DFB977} = {1D14D2D6-A682-4515-8EB0-58B8728627E5}
		{F2532A3D-1771-4BF0-A0CD-F1E4733091BD} = {FCB9FF49-D662-4A8B-B4CC-CAC7B23B9388}
		{6562B983-4CEE-44A4-ACE4-A8573261BFB5} = {FCB9FF49-D662-4A8B-B4CC-CAC7B23B9388}
		{6718330D-EEFA-4FF8-AFB4-47045DF9F41E} = {FBFCF69C-0F8D-4D1D-99EB-2FF35C8C76D0}
		{C9A3F24E-169A-4CDF-88CB-C7B7C4C005AA} = {FBFCF69C-0F8D-4D1D-99EB-2FF35C8C76D0}
		{136EEC94-E47E-4FF3-ABDD-16317A4ABA16} = {FBFCF69C-0F8D-4D1D-99EB-2FF35C8C76D0}
		{65137426-F149-423C-B363-03C70190BE20} = {FBFCF69C-0F8D-4D1D-99EB-2FF35C8C76D0}
	EndGlobalSection
	GlobalSection(ExtensibilityGlobals) = postSolution
		SolutionGuid = {E928EC29-AFCA-4BA9-AB87-11B37D9152A9}
	EndGlobalSection
EndGlobal
